// !$*UTF8*$!
{
	archiveVersion = 1;
	classes = {
	};
	objectVersion = 50;
	objects = {

/* Begin PBXBuildFile section */
		F5697DB9230DDC79002AE114 /* AppDelegate.swift in Sources */ = {isa = PBXBuildFile; fileRef = F5697DB8230DDC79002AE114 /* AppDelegate.swift */; };
		F5697DBB230DDC79002AE114 /* ViewController.swift in Sources */ = {isa = PBXBuildFile; fileRef = F5697DBA230DDC79002AE114 /* ViewController.swift */; };
		F5697DBE230DDC79002AE114 /* Main.storyboard in Resources */ = {isa = PBXBuildFile; fileRef = F5697DBC230DDC79002AE114 /* Main.storyboard */; };
		F5697DC0230DDC7B002AE114 /* Assets.xcassets in Resources */ = {isa = PBXBuildFile; fileRef = F5697DBF230DDC7B002AE114 /* Assets.xcassets */; };
		F5697DC3230DDC7B002AE114 /* LaunchScreen.storyboard in Resources */ = {isa = PBXBuildFile; fileRef = F5697DC1230DDC7B002AE114 /* LaunchScreen.storyboard */; };
		F5697DD1230DDCFC002AE114 /* blockerList.json in Resources */ = {isa = PBXBuildFile; fileRef = F5697DD0230DDCFC002AE114 /* blockerList.json */; };
		F5697DD3230DDCFD002AE114 /* ContentBlockerRequestHandler.swift in Sources */ = {isa = PBXBuildFile; fileRef = F5697DD2230DDCFD002AE114 /* ContentBlockerRequestHandler.swift */; };
		F5697DD7230DDCFD002AE114 /* SafariContentBlocker.appex in Embed App Extensions */ = {isa = PBXBuildFile; fileRef = F5697DCE230DDCFC002AE114 /* SafariContentBlocker.appex */; settings = {ATTRIBUTES = (RemoveHeadersOnCopy, ); }; };
/* End PBXBuildFile section */

/* Begin PBXContainerItemProxy section */
		F5697DD5230DDCFD002AE114 /* PBXContainerItemProxy */ = {
			isa = PBXContainerItemProxy;
			containerPortal = F5697DAD230DDC79002AE114 /* Project object */;
			proxyType = 1;
			remoteGlobalIDString = F5697DCD230DDCFC002AE114;
			remoteInfo = SafariContentBlocker;
		};
/* End PBXContainerItemProxy section */

/* Begin PBXCopyFilesBuildPhase section */
		F5697DDB230DDCFD002AE114 /* Embed App Extensions */ = {
			isa = PBXCopyFilesBuildPhase;
			buildActionMask = 2147483647;
			dstPath = "";
			dstSubfolderSpec = 13;
			files = (
				F5697DD7230DDCFD002AE114 /* SafariContentBlocker.appex in Embed App Extensions */,
			);
			name = "Embed App Extensions";
			runOnlyForDeploymentPostprocessing = 0;
		};
/* End PBXCopyFilesBuildPhase section */

/* Begin PBXFileReference section */
		F5697DB5230DDC79002AE114 /* ContentBlocker.app */ = {isa = PBXFileReference; explicitFileType = wrapper.application; includeInIndex = 0; path = ContentBlocker.app; sourceTree = BUILT_PRODUCTS_DIR; };
		F5697DB8230DDC79002AE114 /* AppDelegate.swift */ = {isa = PBXFileReference; lastKnownFileType = sourcecode.swift; path = AppDelegate.swift; sourceTree = "<group>"; };
		F5697DBA230DDC79002AE114 /* ViewController.swift */ = {isa = PBXFileReference; lastKnownFileType = sourcecode.swift; path = ViewController.swift; sourceTree = "<group>"; };
		F5697DBD230DDC79002AE114 /* Base */ = {isa = PBXFileReference; lastKnownFileType = file.storyboard; name = Base; path = Base.lproj/Main.storyboard; sourceTree = "<group>"; };
		F5697DBF230DDC7B002AE114 /* Assets.xcassets */ = {isa = PBXFileReference; lastKnownFileType = folder.assetcatalog; path = Assets.xcassets; sourceTree = "<group>"; };
		F5697DC2230DDC7B002AE114 /* Base */ = {isa = PBXFileReference; lastKnownFileType = file.storyboard; name = Base; path = Base.lproj/LaunchScreen.storyboard; sourceTree = "<group>"; };
		F5697DC4230DDC7B002AE114 /* Info.plist */ = {isa = PBXFileReference; lastKnownFileType = text.plist.xml; path = Info.plist; sourceTree = "<group>"; };
		F5697DCE230DDCFC002AE114 /* SafariContentBlocker.appex */ = {isa = PBXFileReference; explicitFileType = "wrapper.app-extension"; includeInIndex = 0; path = SafariContentBlocker.appex; sourceTree = BUILT_PRODUCTS_DIR; };
		F5697DD0230DDCFC002AE114 /* blockerList.json */ = {isa = PBXFileReference; lastKnownFileType = text.json; path = blockerList.json; sourceTree = "<group>"; };
		F5697DD2230DDCFD002AE114 /* ContentBlockerRequestHandler.swift */ = {isa = PBXFileReference; lastKnownFileType = sourcecode.swift; path = ContentBlockerRequestHandler.swift; sourceTree = "<group>"; };
		F5697DD4230DDCFD002AE114 /* Info.plist */ = {isa = PBXFileReference; lastKnownFileType = text.plist.xml; path = Info.plist; sourceTree = "<group>"; };
/* End PBXFileReference section */

/* Begin PBXFrameworksBuildPhase section */
		F5697DB2230DDC79002AE114 /* Frameworks */ = {
			isa = PBXFrameworksBuildPhase;
			buildActionMask = 2147483647;
			files = (
			);
			runOnlyForDeploymentPostprocessing = 0;
		};
		F5697DCB230DDCFC002AE114 /* Frameworks */ = {
			isa = PBXFrameworksBuildPhase;
			buildActionMask = 2147483647;
			files = (
			);
			runOnlyForDeploymentPostprocessing = 0;
		};
/* End PBXFrameworksBuildPhase section */

/* Begin PBXGroup section */
		F5697DAC230DDC79002AE114 = {
			isa = PBXGroup;
			children = (
				F5697DB7230DDC79002AE114 /* ContentBlocker */,
				F5697DCF230DDCFC002AE114 /* SafariContentBlocker */,
				F5697DB6230DDC79002AE114 /* Products */,
			);
			sourceTree = "<group>";
		};
		F5697DB6230DDC79002AE114 /* Products */ = {
			isa = PBXGroup;
			children = (
				F5697DB5230DDC79002AE114 /* ContentBlocker.app */,
				F5697DCE230DDCFC002AE114 /* SafariContentBlocker.appex */,
			);
			name = Products;
			sourceTree = "<group>";
		};
		F5697DB7230DDC79002AE114 /* ContentBlocker */ = {
			isa = PBXGroup;
			children = (
				F5697DB8230DDC79002AE114 /* AppDelegate.swift */,
				F5697DBA230DDC79002AE114 /* ViewController.swift */,
				F5697DBC230DDC79002AE114 /* Main.storyboard */,
				F5697DBF230DDC7B002AE114 /* Assets.xcassets */,
				F5697DC1230DDC7B002AE114 /* LaunchScreen.storyboard */,
				F5697DC4230DDC7B002AE114 /* Info.plist */,
			);
			path = ContentBlocker;
			sourceTree = "<group>";
		};
		F5697DCF230DDCFC002AE114 /* SafariContentBlocker */ = {
			isa = PBXGroup;
			children = (
				F5697DD0230DDCFC002AE114 /* blockerList.json */,
				F5697DD2230DDCFD002AE114 /* ContentBlockerRequestHandler.swift */,
				F5697DD4230DDCFD002AE114 /* Info.plist */,
			);
			path = SafariContentBlocker;
			sourceTree = "<group>";
		};
/* End PBXGroup section */

/* Begin PBXNativeTarget section */
		F5697DB4230DDC79002AE114 /* ContentBlocker */ = {
			isa = PBXNativeTarget;
			buildConfigurationList = F5697DC7230DDC7B002AE114 /* Build configuration list for PBXNativeTarget "ContentBlocker" */;
			buildPhases = (
				F5697DB1230DDC79002AE114 /* Sources */,
				F5697DB2230DDC79002AE114 /* Frameworks */,
				F5697DB3230DDC79002AE114 /* Resources */,
				F5697DDB230DDCFD002AE114 /* Embed App Extensions */,
			);
			buildRules = (
			);
			dependencies = (
				F5697DD6230DDCFD002AE114 /* PBXTargetDependency */,
			);
			name = ContentBlocker;
			productName = ContentBlocker;
			productReference = F5697DB5230DDC79002AE114 /* ContentBlocker.app */;
			productType = "com.apple.product-type.application";
		};
		F5697DCD230DDCFC002AE114 /* SafariContentBlocker */ = {
			isa = PBXNativeTarget;
			buildConfigurationList = F5697DD8230DDCFD002AE114 /* Build configuration list for PBXNativeTarget "SafariContentBlocker" */;
			buildPhases = (
				F5697DCA230DDCFC002AE114 /* Sources */,
				F5697DCB230DDCFC002AE114 /* Frameworks */,
				F5697DCC230DDCFC002AE114 /* Resources */,
			);
			buildRules = (
			);
			dependencies = (
			);
			name = SafariContentBlocker;
			productName = SafariContentBlocker;
			productReference = F5697DCE230DDCFC002AE114 /* SafariContentBlocker.appex */;
			productType = "com.apple.product-type.app-extension";
		};
/* End PBXNativeTarget section */

/* Begin PBXProject section */
		F5697DAD230DDC79002AE114 /* Project object */ = {
			isa = PBXProject;
			attributes = {
				LastSwiftUpdateCheck = 1030;
				LastUpgradeCheck = 1030;
				ORGANIZATIONNAME = "Domenico Nicoli";
				TargetAttributes = {
					F5697DB4230DDC79002AE114 = {
						CreatedOnToolsVersion = 10.3;
					};
					F5697DCD230DDCFC002AE114 = {
						CreatedOnToolsVersion = 10.3;
					};
				};
			};
			buildConfigurationList = F5697DB0230DDC79002AE114 /* Build configuration list for PBXProject "ContentBlocker" */;
			compatibilityVersion = "Xcode 9.3";
			developmentRegion = en;
			hasScannedForEncodings = 0;
			knownRegions = (
				en,
				Base,
			);
			mainGroup = F5697DAC230DDC79002AE114;
			productRefGroup = F5697DB6230DDC79002AE114 /* Products */;
			projectDirPath = "";
			projectRoot = "";
			targets = (
				F5697DB4230DDC79002AE114 /* ContentBlocker */,
				F5697DCD230DDCFC002AE114 /* SafariContentBlocker */,
			);
		};
/* End PBXProject section */

/* Begin PBXResourcesBuildPhase section */
		F5697DB3230DDC79002AE114 /* Resources */ = {
			isa = PBXResourcesBuildPhase;
			buildActionMask = 2147483647;
			files = (
				F5697DC3230DDC7B002AE114 /* LaunchScreen.storyboard in Resources */,
				F5697DC0230DDC7B002AE114 /* Assets.xcassets in Resources */,
				F5697DBE230DDC79002AE114 /* Main.storyboard in Resources */,
			);
			runOnlyForDeploymentPostprocessing = 0;
		};
		F5697DCC230DDCFC002AE114 /* Resources */ = {
			isa = PBXResourcesBuildPhase;
			buildActionMask = 2147483647;
			files = (
				F5697DD1230DDCFC002AE114 /* blockerList.json in Resources */,
			);
			runOnlyForDeploymentPostprocessing = 0;
		};
/* End PBXResourcesBuildPhase section */

/* Begin PBXSourcesBuildPhase section */
		F5697DB1230DDC79002AE114 /* Sources */ = {
			isa = PBXSourcesBuildPhase;
			buildActionMask = 2147483647;
			files = (
				F5697DBB230DDC79002AE114 /* ViewController.swift in Sources */,
				F5697DB9230DDC79002AE114 /* AppDelegate.swift in Sources */,
			);
			runOnlyForDeploymentPostprocessing = 0;
		};
		F5697DCA230DDCFC002AE114 /* Sources */ = {
			isa = PBXSourcesBuildPhase;
			buildActionMask = 2147483647;
			files = (
				F5697DD3230DDCFD002AE114 /* ContentBlockerRequestHandler.swift in Sources */,
			);
			runOnlyForDeploymentPostprocessing = 0;
		};
/* End PBXSourcesBuildPhase section */

/* Begin PBXTargetDependency section */
		F5697DD6230DDCFD002AE114 /* PBXTargetDependency */ = {
			isa = PBXTargetDependency;
			target = F5697DCD230DDCFC002AE114 /* SafariContentBlocker */;
			targetProxy = F5697DD5230DDCFD002AE114 /* PBXContainerItemProxy */;
		};
/* End PBXTargetDependency section */

/* Begin PBXVariantGroup section */
		F5697DBC230DDC79002AE114 /* Main.storyboard */ = {
			isa = PBXVariantGroup;
			children = (
				F5697DBD230DDC79002AE114 /* Base */,
			);
			name = Main.storyboard;
			sourceTree = "<group>";
		};
		F5697DC1230DDC7B002AE114 /* LaunchScreen.storyboard */ = {
			isa = PBXVariantGroup;
			children = (
				F5697DC2230DDC7B002AE114 /* Base */,
			);
			name = LaunchScreen.storyboard;
			sourceTree = "<group>";
		};
/* End PBXVariantGroup section */

/* Begin XCBuildConfiguration section */
		F5697DC5230DDC7B002AE114 /* Debug */ = {
			isa = XCBuildConfiguration;
			buildSettings = {
				ALWAYS_SEARCH_USER_PATHS = NO;
				CLANG_ANALYZER_NONNULL = YES;
				CLANG_ANALYZER_NUMBER_OBJECT_CONVERSION = YES_AGGRESSIVE;
				CLANG_CXX_LANGUAGE_STANDARD = "gnu++14";
				CLANG_CXX_LIBRARY = "libc++";
				CLANG_ENABLE_MODULES = YES;
				CLANG_ENABLE_OBJC_ARC = YES;
				CLANG_ENABLE_OBJC_WEAK = YES;
				CLANG_WARN_BLOCK_CAPTURE_AUTORELEASING = YES;
				CLANG_WARN_BOOL_CONVERSION = YES;
				CLANG_WARN_COMMA = YES;
				CLANG_WARN_CONSTANT_CONVERSION = YES;
				CLANG_WARN_DEPRECATED_OBJC_IMPLEMENTATIONS = YES;
				CLANG_WARN_DIRECT_OBJC_ISA_USAGE = YES_ERROR;
				CLANG_WARN_DOCUMENTATION_COMMENTS = YES;
				CLANG_WARN_EMPTY_BODY = YES;
				CLANG_WARN_ENUM_CONVERSION = YES;
				CLANG_WARN_INFINITE_RECURSION = YES;
				CLANG_WARN_INT_CONVERSION = YES;
				CLANG_WARN_NON_LITERAL_NULL_CONVERSION = YES;
				CLANG_WARN_OBJC_IMPLICIT_RETAIN_SELF = YES;
				CLANG_WARN_OBJC_LITERAL_CONVERSION = YES;
				CLANG_WARN_OBJC_ROOT_CLASS = YES_ERROR;
				CLANG_WARN_RANGE_LOOP_ANALYSIS = YES;
				CLANG_WARN_STRICT_PROTOTYPES = YES;
				CLANG_WARN_SUSPICIOUS_MOVE = YES;
				CLANG_WARN_UNGUARDED_AVAILABILITY = YES_AGGRESSIVE;
				CLANG_WARN_UNREACHABLE_CODE = YES;
				CLANG_WARN__DUPLICATE_METHOD_MATCH = YES;
				CODE_SIGN_IDENTITY = "iPhone Developer";
				COPY_PHASE_STRIP = NO;
				DEBUG_INFORMATION_FORMAT = dwarf;
				ENABLE_STRICT_OBJC_MSGSEND = YES;
				ENABLE_TESTABILITY = YES;
				GCC_C_LANGUAGE_STANDARD = gnu11;
				GCC_DYNAMIC_NO_PIC = NO;
				GCC_NO_COMMON_BLOCKS = YES;
				GCC_OPTIMIZATION_LEVEL = 0;
				GCC_PREPROCESSOR_DEFINITIONS = (
					"DEBUG=1",
					"$(inherited)",
				);
				GCC_WARN_64_TO_32_BIT_CONVERSION = YES;
				GCC_WARN_ABOUT_RETURN_TYPE = YES_ERROR;
				GCC_WARN_UNDECLARED_SELECTOR = YES;
				GCC_WARN_UNINITIALIZED_AUTOS = YES_AGGRESSIVE;
				GCC_WARN_UNUSED_FUNCTION = YES;
				GCC_WARN_UNUSED_VARIABLE = YES;
				IPHONEOS_DEPLOYMENT_TARGET = 12.4;
				MTL_ENABLE_DEBUG_INFO = INCLUDE_SOURCE;
				MTL_FAST_MATH = YES;
				ONLY_ACTIVE_ARCH = YES;
				SDKROOT = iphoneos;
				SWIFT_ACTIVE_COMPILATION_CONDITIONS = DEBUG;
				SWIFT_OPTIMIZATION_LEVEL = "-Onone";
			};
			name = Debug;
		};
		F5697DC6230DDC7B002AE114 /* Release */ = {
			isa = XCBuildConfiguration;
			buildSettings = {
				ALWAYS_SEARCH_USER_PATHS = NO;
				CLANG_ANALYZER_NONNULL = YES;
				CLANG_ANALYZER_NUMBER_OBJECT_CONVERSION = YES_AGGRESSIVE;
				CLANG_CXX_LANGUAGE_STANDARD = "gnu++14";
				CLANG_CXX_LIBRARY = "libc++";
				CLANG_ENABLE_MODULES = YES;
				CLANG_ENABLE_OBJC_ARC = YES;
				CLANG_ENABLE_OBJC_WEAK = YES;
				CLANG_WARN_BLOCK_CAPTURE_AUTORELEASING = YES;
				CLANG_WARN_BOOL_CONVERSION = YES;
				CLANG_WARN_COMMA = YES;
				CLANG_WARN_CONSTANT_CONVERSION = YES;
				CLANG_WARN_DEPRECATED_OBJC_IMPLEMENTATIONS = YES;
				CLANG_WARN_DIRECT_OBJC_ISA_USAGE = YES_ERROR;
				CLANG_WARN_DOCUMENTATION_COMMENTS = YES;
				CLANG_WARN_EMPTY_BODY = YES;
				CLANG_WARN_ENUM_CONVERSION = YES;
				CLANG_WARN_INFINITE_RECURSION = YES;
				CLANG_WARN_INT_CONVERSION = YES;
				CLANG_WARN_NON_LITERAL_NULL_CONVERSION = YES;
				CLANG_WARN_OBJC_IMPLICIT_RETAIN_SELF = YES;
				CLANG_WARN_OBJC_LITERAL_CONVERSION = YES;
				CLANG_WARN_OBJC_ROOT_CLASS = YES_ERROR;
				CLANG_WARN_RANGE_LOOP_ANALYSIS = YES;
				CLANG_WARN_STRICT_PROTOTYPES = YES;
				CLANG_WARN_SUSPICIOUS_MOVE = YES;
				CLANG_WARN_UNGUARDED_AVAILABILITY = YES_AGGRESSIVE;
				CLANG_WARN_UNREACHABLE_CODE = YES;
				CLANG_WARN__DUPLICATE_METHOD_MATCH = YES;
				CODE_SIGN_IDENTITY = "iPhone Developer";
				COPY_PHASE_STRIP = NO;
				DEBUG_INFORMATION_FORMAT = "dwarf-with-dsym";
				ENABLE_NS_ASSERTIONS = NO;
				ENABLE_STRICT_OBJC_MSGSEND = YES;
				GCC_C_LANGUAGE_STANDARD = gnu11;
				GCC_NO_COMMON_BLOCKS = YES;
				GCC_WARN_64_TO_32_BIT_CONVERSION = YES;
				GCC_WARN_ABOUT_RETURN_TYPE = YES_ERROR;
				GCC_WARN_UNDECLARED_SELECTOR = YES;
				GCC_WARN_UNINITIALIZED_AUTOS = YES_AGGRESSIVE;
				GCC_WARN_UNUSED_FUNCTION = YES;
				GCC_WARN_UNUSED_VARIABLE = YES;
				IPHONEOS_DEPLOYMENT_TARGET = 12.4;
				MTL_ENABLE_DEBUG_INFO = NO;
				MTL_FAST_MATH = YES;
				SDKROOT = iphoneos;
				SWIFT_COMPILATION_MODE = wholemodule;
				SWIFT_OPTIMIZATION_LEVEL = "-O";
				VALIDATE_PRODUCT = YES;
			};
			name = Release;
		};
		F5697DC8230DDC7B002AE114 /* Debug */ = {
			isa = XCBuildConfiguration;
			buildSettings = {
				ALWAYS_EMBED_SWIFT_STANDARD_LIBRARIES = YES;
				ASSETCATALOG_COMPILER_APPICON_NAME = AppIcon;
				CODE_SIGN_STYLE = Automatic;
				DEVELOPMENT_TEAM = 89D52653SY;
				INFOPLIST_FILE = ContentBlocker/Info.plist;
				LD_RUNPATH_SEARCH_PATHS = (
					"$(inherited)",
					"@executable_path/Frameworks",
				);
				PRODUCT_BUNDLE_IDENTIFIER = com.mediumproject.ContentBlocker;
				PRODUCT_NAME = "$(TARGET_NAME)";
				SWIFT_VERSION = 5.0;
				TARGETED_DEVICE_FAMILY = "1,2";
			};
			name = Debug;
		};
		F5697DC9230DDC7B002AE114 /* Release */ = {
			isa = XCBuildConfiguration;
			buildSettings = {
				ALWAYS_EMBED_SWIFT_STANDARD_LIBRARIES = YES;
				ASSETCATALOG_COMPILER_APPICON_NAME = AppIcon;
				CODE_SIGN_STYLE = Automatic;
				DEVELOPMENT_TEAM = 89D52653SY;
				INFOPLIST_FILE = ContentBlocker/Info.plist;
				LD_RUNPATH_SEARCH_PATHS = (
					"$(inherited)",
					"@executable_path/Frameworks",
				);
				PRODUCT_BUNDLE_IDENTIFIER = com.mediumproject.ContentBlocker;
				PRODUCT_NAME = "$(TARGET_NAME)";
				SWIFT_VERSION = 5.0;
				TARGETED_DEVICE_FAMILY = "1,2";
			};
			name = Release;
		};
		F5697DD9230DDCFD002AE114 /* Debug */ = {
			isa = XCBuildConfiguration;
			buildSettings = {
				ARCHS = "$(ARCHS_STANDARD_64_BIT)";
				CODE_SIGN_STYLE = Automatic;
				DEVELOPMENT_TEAM = 89D52653SY;
				INFOPLIST_FILE = SafariContentBlocker/Info.plist;
				LD_RUNPATH_SEARCH_PATHS = (
					"$(inherited)",
					"@executable_path/Frameworks",
					"@executable_path/../../Frameworks",
				);
				PRODUCT_BUNDLE_IDENTIFIER = com.mediumproject.ContentBlocker.SafariContentBlocker;
				PRODUCT_NAME = "$(TARGET_NAME)";
				SKIP_INSTALL = YES;
				SWIFT_VERSION = 5.0;
				TARGETED_DEVICE_FAMILY = "1,2";
			};
			name = Debug;
		};
		F5697DDA230DDCFD002AE114 /* Release */ = {
			isa = XCBuildConfiguration;
			buildSettings = {
				ARCHS = "$(ARCHS_STANDARD_64_BIT)";
				CODE_SIGN_STYLE = Automatic;
				DEVELOPMENT_TEAM = 89D52653SY;
				INFOPLIST_FILE = SafariContentBlocker/Info.plist;
				LD_RUNPATH_SEARCH_PATHS = (
					"$(inherited)",
					"@executable_path/Frameworks",
					"@executable_path/../../Frameworks",
				);
				PRODUCT_BUNDLE_IDENTIFIER = com.mediumproject.ContentBlocker.SafariContentBlocker;
				PRODUCT_NAME = "$(TARGET_NAME)";
				SKIP_INSTALL = YES;
				SWIFT_VERSION = 5.0;
				TARGETED_DEVICE_FAMILY = "1,2";
			};
			name = Release;
		};
/* End XCBuildConfiguration section */

/* Begin XCConfigurationList section */
		F5697DB0230DDC79002AE114 /* Build configuration list for PBXProject "ContentBlocker" */ = {
			isa = XCConfigurationList;
			buildConfigurations = (
				F5697DC5230DDC7B002AE114 /* Debug */,
				F5697DC6230DDC7B002AE114 /* Release */,
			);
			defaultConfigurationIsVisible = 0;
			defaultConfigurationName = Release;
		};
		F5697DC7230DDC7B002AE114 /* Build configuration list for PBXNativeTarget "ContentBlocker" */ = {
			isa = XCConfigurationList;
			buildConfigurations = (
				F5697DC8230DDC7B002AE114 /* Debug */,
				F5697DC9230DDC7B002AE114 /* Release */,
			);
			defaultConfigurationIsVisible = 0;
			defaultConfigurationName = Release;
		};
		F5697DD8230DDCFD002AE114 /* Build configuration list for PBXNativeTarget "SafariContentBlocker" */ = {
			isa = XCConfigurationList;
			buildConfigurations = (
				F5697DD9230DDCFD002AE114 /* Debug */,
				F5697DDA230DDCFD002AE114 /* Release */,
			);
			defaultConfigurationIsVisible = 0;
			defaultConfigurationName = Release;
		};
/* End XCConfigurationList section */
	};
	rootObject = F5697DAD230DDC79002AE114 /* Project object */;
}
